
Microsoft Visual Studio Solution File, Format Version 12.00
# Visual Studio Version 17
VisualStudioVersion = 17.4.33110.190
MinimumVisualStudioVersion = 10.0.40219.1
Project("{9A19103F-16F7-4668-BE54-9A1E7A4F7556}") = "FormsPlay.Core", "FormsPlay.Core\FormsPlay.Core.csproj", "{61F77335-1A3B-412E-9EEF-8131D03BE57F}"
EndProject
Project("{9A19103F-16F7-4668-BE54-9A1E7A4F7556}") = "FormsPlay.UI", "FormsPlay.UI\FormsPlay.UI.csproj", "{4958BCCE-A20F-4287-9596-7FCCCD3DE728}"
EndProject
Project("{FAE04EC0-301F-11D3-BF4B-00C04F79EFBC}") = "FormsPlay.Droid", "FormsPlay.Droid\FormsPlay.Droid.csproj", "{F82CD735-AB40-448A-8A02-A59D1681D36B}"
EndProject
Project("{FAE04EC0-301F-11D3-BF4B-00C04F79EFBC}") = "FormsPlay.iOS", "FormsPlay.iOS\FormsPlay.iOS.csproj", "{67864D04-5101-4400-912D-50AE6989723B}"
EndProject
Project("{2150E333-8FDC-42A3-9474-1A3956D46DE8}") = "!Solution Items", "!Solution Items", "{3BD1FA18-47B0-43AD-8F1E-DD42D1399A2E}"
	ProjectSection(SolutionItems) = preProject
		.editorconfig = .editorconfig
	EndProjectSection
EndProject
Global
	GlobalSection(SolutionConfigurationPlatforms) = preSolution
		Debug|Any CPU = Debug|Any CPU
		Debug|ARM = Debug|ARM
		Debug|iPhone = Debug|iPhone
		Debug|iPhoneSimulator = Debug|iPhoneSimulator
		Debug|x64 = Debug|x64
		Debug|x86 = Debug|x86
		Release|Any CPU = Release|Any CPU
		Release|ARM = Release|ARM
		Release|iPhone = Release|iPhone
		Release|iPhoneSimulator = Release|iPhoneSimulator
		Release|x64 = Release|x64
		Release|x86 = Release|x86
	EndGlobalSection
	GlobalSection(ProjectConfigurationPlatforms) = postSolution
		{61F77335-1A3B-412E-9EEF-8131D03BE57F}.Debug|Any CPU.ActiveCfg = Debug|Any CPU
		{61F77335-1A3B-412E-9EEF-8131D03BE57F}.Debug|Any CPU.Build.0 = Debug|Any CPU
		{61F77335-1A3B-412E-9EEF-8131D03BE57F}.Debug|ARM.ActiveCfg = Debug|Any CPU
		{61F77335-1A3B-412E-9EEF-8131D03BE57F}.Debug|ARM.Build.0 = Debug|Any CPU
		{61F77335-1A3B-412E-9EEF-8131D03BE57F}.Debug|iPhone.ActiveCfg = Debug|Any CPU
		{61F77335-1A3B-412E-9EEF-8131D03BE57F}.Debug|iPhone.Build.0 = Debug|Any CPU
		{61F77335-1A3B-412E-9EEF-8131D03BE57F}.Debug|iPhoneSimulator.ActiveCfg = Debug|Any CPU
		{61F77335-1A3B-412E-9EEF-8131D03BE57F}.Debug|iPhoneSimulator.Build.0 = Debug|Any CPU
		{61F77335-1A3B-412E-9EEF-8131D03BE57F}.Debug|x64.ActiveCfg = Debug|Any CPU
		{61F77335-1A3B-412E-9EEF-8131D03BE57F}.Debug|x64.Build.0 = Debug|Any CPU
		{61F77335-1A3B-412E-9EEF-8131D03BE57F}.Debug|x86.ActiveCfg = Debug|Any CPU
		{61F77335-1A3B-412E-9EEF-8131D03BE57F}.Debug|x86.Build.0 = Debug|Any CPU
		{61F77335-1A3B-412E-9EEF-8131D03BE57F}.Release|Any CPU.ActiveCfg = Release|Any CPU
		{61F77335-1A3B-412E-9EEF-8131D03BE57F}.Release|Any CPU.Build.0 = Release|Any CPU
		{61F77335-1A3B-412E-9EEF-8131D03BE57F}.Release|ARM.ActiveCfg = Release|Any CPU
		{61F77335-1A3B-412E-9EEF-8131D03BE57F}.Release|ARM.Build.0 = Release|Any CPU
		{61F77335-1A3B-412E-9EEF-8131D03BE57F}.Release|iPhone.ActiveCfg = Release|Any CPU
		{61F77335-1A3B-412E-9EEF-8131D03BE57F}.Release|iPhone.Build.0 = Release|Any CPU
		{61F77335-1A3B-412E-9EEF-8131D03BE57F}.Release|iPhoneSimulator.ActiveCfg = Release|Any CPU
		{61F77335-1A3B-412E-9EEF-8131D03BE57F}.Release|iPhoneSimulator.Build.0 = Release|Any CPU
		{61F77335-1A3B-412E-9EEF-8131D03BE57F}.Release|x64.ActiveCfg = Release|Any CPU
		{61F77335-1A3B-412E-9EEF-8131D03BE57F}.Release|x64.Build.0 = Release|Any CPU
		{61F77335-1A3B-412E-9EEF-8131D03BE57F}.Release|x86.ActiveCfg = Release|Any CPU
		{61F77335-1A3B-412E-9EEF-8131D03BE57F}.Release|x86.Build.0 = Release|Any CPU
		{4958BCCE-A20F-4287-9596-7FCCCD3DE728}.Debug|Any CPU.ActiveCfg = Debug|Any CPU
		{4958BCCE-A20F-4287-9596-7FCCCD3DE728}.Debug|Any CPU.Build.0 = Debug|Any CPU
		{4958BCCE-A20F-4287-9596-7FCCCD3DE728}.Debug|ARM.ActiveCfg = Debug|Any CPU
		{4958BCCE-A20F-4287-9596-7FCCCD3DE728}.Debug|ARM.Build.0 = Debug|Any CPU
		{4958BCCE-A20F-4287-9596-7FCCCD3DE728}.Debug|iPhone.ActiveCfg = Debug|Any CPU
		{4958BCCE-A20F-4287-9596-7FCCCD3DE728}.Debug|iPhone.Build.0 = Debug|Any CPU
		{4958BCCE-A20F-4287-9596-7FCCCD3DE728}.Debug|iPhoneSimulator.ActiveCfg = Debug|Any CPU
		{4958BCCE-A20F-4287-9596-7FCCCD3DE728}.Debug|iPhoneSimulator.Build.0 = Debug|Any CPU
		{4958BCCE-A20F-4287-9596-7FCCCD3DE728}.Debug|x64.ActiveCfg = Debug|Any CPU
		{4958BCCE-A20F-4287-9596-7FCCCD3DE728}.Debug|x64.Build.0 = Debug|Any CPU
		{4958BCCE-A20F-4287-9596-7FCCCD3DE728}.Debug|x86.ActiveCfg = Debug|Any CPU
		{4958BCCE-A20F-4287-9596-7FCCCD3DE728}.Debug|x86.Build.0 = Debug|Any CPU
		{4958BCCE-A20F-4287-9596-7FCCCD3DE728}.Release|Any CPU.ActiveCfg = Release|Any CPU
		{4958BCCE-A20F-4287-9596-7FCCCD3DE728}.Release|Any CPU.Build.0 = Release|Any CPU
		{4958BCCE-A20F-4287-9596-7FCCCD3DE728}.Release|ARM.ActiveCfg = Release|Any CPU
		{4958BCCE-A20F-4287-9596-7FCCCD3DE728}.Release|ARM.Build.0 = Release|Any CPU
		{4958BCCE-A20F-4287-9596-7FCCCD3DE728}.Release|iPhone.ActiveCfg = Release|Any CPU
		{4958BCCE-A20F-4287-9596-7FCCCD3DE728}.Release|iPhone.Build.0 = Release|Any CPU
		{4958BCCE-A20F-4287-9596-7FCCCD3DE728}.Release|iPhoneSimulator.ActiveCfg = Release|Any CPU
		{4958BCCE-A20F-4287-9596-7FCCCD3DE728}.Release|iPhoneSimulator.Build.0 = Release|Any CPU
		{4958BCCE-A20F-4287-9596-7FCCCD3DE728}.Release|x64.ActiveCfg = Release|Any CPU
		{4958BCCE-A20F-4287-9596-7FCCCD3DE728}.Release|x64.Build.0 = Release|Any CPU
		{4958BCCE-A20F-4287-9596-7FCCCD3DE728}.Release|x86.ActiveCfg = Release|Any CPU
		{4958BCCE-A20F-4287-9596-7FCCCD3DE728}.Release|x86.Build.0 = Release|Any CPU
		{F82CD735-AB40-448A-8A02-A59D1681D36B}.Debug|Any CPU.ActiveCfg = Debug|Any CPU
		{F82CD735-AB40-448A-8A02-A59D1681D36B}.Debug|Any CPU.Build.0 = Debug|Any CPU
		{F82CD735-AB40-448A-8A02-A59D1681D36B}.Debug|Any CPU.Deploy.0 = Debug|Any CPU
		{F82CD735-AB40-448A-8A02-A59D1681D36B}.Debug|ARM.ActiveCfg = Debug|Any CPU
		{F82CD735-AB40-448A-8A02-A59D1681D36B}.Debug|ARM.Build.0 = Debug|Any CPU
		{F82CD735-AB40-448A-8A02-A59D1681D36B}.Debug|ARM.Deploy.0 = Debug|Any CPU
		{F82CD735-AB40-448A-8A02-A59D1681D36B}.Debug|iPhone.ActiveCfg = Debug|Any CPU
		{F82CD735-AB40-448A-8A02-A59D1681D36B}.Debug|iPhone.Build.0 = Debug|Any CPU
		{F82CD735-AB40-448A-8A02-A59D1681D36B}.Debug|iPhone.Deploy.0 = Debug|Any CPU
		{F82CD735-AB40-448A-8A02-A59D1681D36B}.Debug|iPhoneSimulator.ActiveCfg = Debug|Any CPU
		{F82CD735-AB40-448A-8A02-A59D1681D36B}.Debug|iPhoneSimulator.Build.0 = Debug|Any CPU
		{F82CD735-AB40-448A-8A02-A59D1681D36B}.Debug|iPhoneSimulator.Deploy.0 = Debug|Any CPU
		{F82CD735-AB40-448A-8A02-A59D1681D36B}.Debug|x64.ActiveCfg = Debug|Any CPU
		{F82CD735-AB40-448A-8A02-A59D1681D36B}.Debug|x64.Build.0 = Debug|Any CPU
		{F82CD735-AB40-448A-8A02-A59D1681D36B}.Debug|x64.Deploy.0 = Debug|Any CPU
		{F82CD735-AB40-448A-8A02-A59D1681D36B}.Debug|x86.ActiveCfg = Debug|Any CPU
		{F82CD735-AB40-448A-8A02-A59D1681D36B}.Debug|x86.Build.0 = Debug|Any CPU
		{F82CD735-AB40-448A-8A02-A59D1681D36B}.Debug|x86.Deploy.0 = Debug|Any CPU
		{F82CD735-AB40-448A-8A02-A59D1681D36B}.Release|Any CPU.ActiveCfg = Release|Any CPU
		{F82CD735-AB40-448A-8A02-A59D1681D36B}.Release|Any CPU.Build.0 = Release|Any CPU
		{F82CD735-AB40-448A-8A02-A59D1681D36B}.Release|Any CPU.Deploy.0 = Release|Any CPU
		{F82CD735-AB40-448A-8A02-A59D1681D36B}.Release|ARM.ActiveCfg = Release|Any CPU
		{F82CD735-AB40-448A-8A02-A59D1681D36B}.Release|ARM.Build.0 = Release|Any CPU
		{F82CD735-AB40-448A-8A02-A59D1681D36B}.Release|ARM.Deploy.0 = Release|Any CPU
		{F82CD735-AB40-448A-8A02-A59D1681D36B}.Release|iPhone.ActiveCfg = Release|Any CPU
		{F82CD735-AB40-448A-8A02-A59D1681D36B}.Release|iPhone.Build.0 = Release|Any CPU
		{F82CD735-AB40-448A-8A02-A59D1681D36B}.Release|iPhone.Deploy.0 = Release|Any CPU
		{F82CD735-AB40-448A-8A02-A59D1681D36B}.Release|iPhoneSimulator.ActiveCfg = Release|Any CPU
		{F82CD735-AB40-448A-8A02-A59D1681D36B}.Release|iPhoneSimulator.Build.0 = Release|Any CPU
		{F82CD735-AB40-448A-8A02-A59D1681D36B}.Release|iPhoneSimulator.Deploy.0 = Release|Any CPU
		{F82CD735-AB40-448A-8A02-A59D1681D36B}.Release|x64.ActiveCfg = Release|Any CPU
		{F82CD735-AB40-448A-8A02-A59D1681D36B}.Release|x64.Build.0 = Release|Any CPU
		{F82CD735-AB40-448A-8A02-A59D1681D36B}.Release|x64.Deploy.0 = Release|Any CPU
		{F82CD735-AB40-448A-8A02-A59D1681D36B}.Release|x86.ActiveCfg = Release|Any CPU
		{F82CD735-AB40-448A-8A02-A59D1681D36B}.Release|x86.Build.0 = Release|Any CPU
		{F82CD735-AB40-448A-8A02-A59D1681D36B}.Release|x86.Deploy.0 = Release|Any CPU
		{67864D04-5101-4400-912D-50AE6989723B}.Debug|Any CPU.ActiveCfg = Debug|iPhone
		{67864D04-5101-4400-912D-50AE6989723B}.Debug|Any CPU.Build.0 = Debug|iPhone
		{67864D04-5101-4400-912D-50AE6989723B}.Debug|ARM.ActiveCfg = Debug|iPhone
		{67864D04-5101-4400-912D-50AE6989723B}.Debug|iPhone.ActiveCfg = Debug|iPhone
		{67864D04-5101-4400-912D-50AE6989723B}.Debug|iPhone.Build.0 = Debug|iPhone
		{67864D04-5101-4400-912D-50AE6989723B}.Debug|iPhone.Deploy.0 = Debug|iPhone
		{67864D04-5101-4400-912D-50AE6989723B}.Debug|iPhoneSimulator.ActiveCfg = Debug|iPhoneSimulator
		{67864D04-5101-4400-912D-50AE6989723B}.Debug|iPhoneSimulator.Build.0 = Debug|iPhoneSimulator
		{67864D04-5101-4400-912D-50AE6989723B}.Debug|iPhoneSimulator.Deploy.0 = Debug|iPhoneSimulator
		{67864D04-5101-4400-912D-50AE6989723B}.Debug|x64.ActiveCfg = Debug|iPhone
		{67864D04-5101-4400-912D-50AE6989723B}.Debug|x86.ActiveCfg = Debug|iPhone
		{67864D04-5101-4400-912D-50AE6989723B}.Release|Any CPU.ActiveCfg = Release|iPhone
		{67864D04-5101-4400-912D-50AE6989723B}.Release|ARM.ActiveCfg = Release|iPhone
		{67864D04-5101-4400-912D-50AE6989723B}.Release|iPhone.ActiveCfg = Release|iPhone
		{67864D04-5101-4400-912D-50AE6989723B}.Release|iPhone.Build.0 = Release|iPhone
		{67864D04-5101-4400-912D-50AE6989723B}.Release|iPhone.Deploy.0 = Release|iPhone
		{67864D04-5101-4400-912D-50AE6989723B}.Release|iPhoneSimulator.ActiveCfg = Release|iPhoneSimulator
		{67864D04-5101-4400-912D-50AE6989723B}.Release|iPhoneSimulator.Build.0 = Release|iPhoneSimulator
		{67864D04-5101-4400-912D-50AE6989723B}.Release|iPhoneSimulator.Deploy.0 = Release|iPhoneSimulator
		{67864D04-5101-4400-912D-50AE6989723B}.Release|x64.ActiveCfg = Release|iPhone
		{67864D04-5101-4400-912D-50AE6989723B}.Release|x86.ActiveCfg = Release|iPhone
	EndGlobalSection
	GlobalSection(SolutionProperties) = preSolution
		HideSolutionNode = FALSE
	EndGlobalSection
	GlobalSection(ExtensibilityGlobals) = postSolution
		SolutionGuid = {BCC1F7BA-1A79-48EF-8ECA-4CA7E51E0E91}
	EndGlobalSection
EndGlobal
